
Microsoft Visual Studio Solution File, Format Version 12.00
# Visual Studio Version 17
VisualStudioVersion = 17.13.35828.75
MinimumVisualStudioVersion = 10.0.40219.1
Project("{FAE04EC0-301F-11D3-BF4B-00C04F79EFBC}") = "RaymiMusic.Api", "RaymiMusic.Api\RaymiMusic.Api.csproj", "{563096D0-3EEB-4B66-97B1-911FB4969FB3}"
EndProject
Project("{FAE04EC0-301F-11D3-BF4B-00C04F79EFBC}") = "RaymiMusic.Modelos", "RaymiMusic.Modelos\RaymiMusic.Modelos.csproj", "{130916D9-2FCE-464E-9B06-6D7F25C4295E}"
EndProject
Project("{FAE04EC0-301F-11D3-BF4B-00C04F79EFBC}") = "RaymiMusic.Api.Consumer", "RaymiMusic.Api.Consumer\RaymiMusic.Api.Consumer.csproj", "{F274F3EB-8740-4606-BBC4-6F34C4B4E676}"
EndProject
Project("{FAE04EC0-301F-11D3-BF4B-00C04F79EFBC}") = "RaymiMusic.Test", "RaymiMusic.Test\RaymiMusic.Test.csproj", "{A891F6E8-B098-4CB3-B8E1-3E0D4F8F298D}"
EndProject
Global
	GlobalSection(SolutionConfigurationPlatforms) = preSolution
		Debug|Any CPU = Debug|Any CPU
		Release|Any CPU = Release|Any CPU
	EndGlobalSection
	GlobalSection(ProjectConfigurationPlatforms) = postSolution
		{563096D0-3EEB-4B66-97B1-911FB4969FB3}.Debug|Any CPU.ActiveCfg = Debug|Any CPU
		{563096D0-3EEB-4B66-97B1-911FB4969FB3}.Debug|Any CPU.Build.0 = Debug|Any CPU
		{563096D0-3EEB-4B66-97B1-911FB4969FB3}.Release|Any CPU.ActiveCfg = Release|Any CPU
		{563096D0-3EEB-4B66-97B1-911FB4969FB3}.Release|Any CPU.Build.0 = Release|Any CPU
		{130916D9-2FCE-464E-9B06-6D7F25C4295E}.Debug|Any CPU.ActiveCfg = Debug|Any CPU
		{130916D9-2FCE-464E-9B06-6D7F25C4295E}.Debug|Any CPU.Build.0 = Debug|Any CPU
		{130916D9-2FCE-464E-9B06-6D7F25C4295E}.Release|Any CPU.ActiveCfg = Release|Any CPU
		{130916D9-2FCE-464E-9B06-6D7F25C4295E}.Release|Any CPU.Build.0 = Release|Any CPU
		{F274F3EB-8740-4606-BBC4-6F34C4B4E676}.Debug|Any CPU.ActiveCfg = Debug|Any CPU
		{F274F3EB-8740-4606-BBC4-6F34C4B4E676}.Debug|Any CPU.Build.0 = Debug|Any CPU
		{F274F3EB-8740-4606-BBC4-6F34C4B4E676}.Release|Any CPU.ActiveCfg = Release|Any CPU
		{F274F3EB-8740-4606-BBC4-6F34C4B4E676}.Release|Any CPU.Build.0 = Release|Any CPU
		{A891F6E8-B098-4CB3-B8E1-3E0D4F8F298D}.Debug|Any CPU.ActiveCfg = Debug|Any CPU
		{A891F6E8-B098-4CB3-B8E1-3E0D4F8F298D}.Debug|Any CPU.Build.0 = Debug|Any CPU
		{A891F6E8-B098-4CB3-B8E1-3E0D4F8F298D}.Release|Any CPU.ActiveCfg = Release|Any CPU
		{A891F6E8-B098-4CB3-B8E1-3E0D4F8F298D}.Release|Any CPU.Build.0 = Release|Any CPU
	EndGlobalSection
	GlobalSection(SolutionProperties) = preSolution
		HideSolutionNode = FALSE
	EndGlobalSection
	GlobalSection(ExtensibilityGlobals) = postSolution
		SolutionGuid = {74617FEB-56C3-445C-A1F6-86A152165F47}
	EndGlobalSection
EndGlobal
